
Microsoft Visual Studio Solution File, Format Version 12.00
# Visual Studio 14
VisualStudioVersion =  14.0.22823.1
MinimumVisualStudioVersion = 14.0.22823.1
Project("{FAE04EC0-301F-11D3-BF4B-00C04F79EFBC}") = "Fody", "Fody\Fody.csproj", "{C3578A7B-09A6-4444-9383-0DEAFA4958BD}"
EndProject
Project("{FAE04EC0-301F-11D3-BF4B-00C04F79EFBC}") = "Templates", "Templates\Templates.csproj", "{E647046B-A53E-4D44-8C66-2BF9E9F47CBF}"
EndProject
Project("{FAE04EC0-301F-11D3-BF4B-00C04F79EFBC}") = "AssemblyToProcess", "AssemblyToProcess\AssemblyToProcess.csproj", "{7DEC4E2D-F872-434E-A267-0BAD65299950}"
EndProject
Project("{FAE04EC0-301F-11D3-BF4B-00C04F79EFBC}") = "AssemblyWithExcludes", "AssemblyWithExcludes\AssemblyWithExcludes.csproj", "{26A1BE1E-1849-4A45-AF23-ED3672D74948}"
EndProject
Project("{FAE04EC0-301F-11D3-BF4B-00C04F79EFBC}") = "AssemblyWithIncludes", "AssemblyWithIncludes\AssemblyWithIncludes.csproj", "{1CC214B0-2BA8-474B-A585-24C195FCEAA7}"
EndProject
Global
	GlobalSection(SolutionConfigurationPlatforms) = preSolution
		Debug|Any CPU = Debug|Any CPU
		Debug|x86 = Debug|x86
		Deployable|Any CPU = Deployable|Any CPU
		Deployable|x86 = Deployable|x86
		Release|Any CPU = Release|Any CPU
		Release|x86 = Release|x86
	EndGlobalSection
	GlobalSection(ProjectConfigurationPlatforms) = postSolution
		{C3578A7B-09A6-4444-9383-0DEAFA4958BD}.Debug|Any CPU.ActiveCfg = Debug|Any CPU
		{C3578A7B-09A6-4444-9383-0DEAFA4958BD}.Debug|Any CPU.Build.0 = Debug|Any CPU
		{C3578A7B-09A6-4444-9383-0DEAFA4958BD}.Debug|x86.ActiveCfg = Debug|Any CPU
		{C3578A7B-09A6-4444-9383-0DEAFA4958BD}.Deployable|Any CPU.ActiveCfg = Deployable|Any CPU
		{C3578A7B-09A6-4444-9383-0DEAFA4958BD}.Deployable|Any CPU.Build.0 = Deployable|Any CPU
		{C3578A7B-09A6-4444-9383-0DEAFA4958BD}.Deployable|x86.ActiveCfg = Deployable|Any CPU
		{C3578A7B-09A6-4444-9383-0DEAFA4958BD}.Release|Any CPU.ActiveCfg = Release|Any CPU
		{C3578A7B-09A6-4444-9383-0DEAFA4958BD}.Release|Any CPU.Build.0 = Release|Any CPU
		{C3578A7B-09A6-4444-9383-0DEAFA4958BD}.Release|x86.ActiveCfg = Release|Any CPU
		{E647046B-A53E-4D44-8C66-2BF9E9F47CBF}.Debug|Any CPU.ActiveCfg = Debug|Any CPU
		{E647046B-A53E-4D44-8C66-2BF9E9F47CBF}.Debug|Any CPU.Build.0 = Debug|Any CPU
		{E647046B-A53E-4D44-8C66-2BF9E9F47CBF}.Debug|x86.ActiveCfg = Debug|Any CPU
		{E647046B-A53E-4D44-8C66-2BF9E9F47CBF}.Deployable|Any CPU.ActiveCfg = Deployable|Any CPU
		{E647046B-A53E-4D44-8C66-2BF9E9F47CBF}.Deployable|Any CPU.Build.0 = Deployable|Any CPU
		{E647046B-A53E-4D44-8C66-2BF9E9F47CBF}.Deployable|x86.ActiveCfg = Deployable|Any CPU
		{E647046B-A53E-4D44-8C66-2BF9E9F47CBF}.Release|Any CPU.ActiveCfg = Release|Any CPU
		{E647046B-A53E-4D44-8C66-2BF9E9F47CBF}.Release|Any CPU.Build.0 = Release|Any CPU
		{E647046B-A53E-4D44-8C66-2BF9E9F47CBF}.Release|x86.ActiveCfg = Release|Any CPU
		{7DEC4E2D-F872-434E-A267-0BAD65299950}.Debug|Any CPU.ActiveCfg = Debug|Any CPU
		{7DEC4E2D-F872-434E-A267-0BAD65299950}.Debug|Any CPU.Build.0 = Debug|Any CPU
		{7DEC4E2D-F872-434E-A267-0BAD65299950}.Debug|x86.ActiveCfg = Debug|Any CPU
		{7DEC4E2D-F872-434E-A267-0BAD65299950}.Deployable|Any CPU.ActiveCfg = Deployable|Any CPU
		{7DEC4E2D-F872-434E-A267-0BAD65299950}.Deployable|Any CPU.Build.0 = Deployable|Any CPU
		{7DEC4E2D-F872-434E-A267-0BAD65299950}.Deployable|x86.ActiveCfg = Deployable|Any CPU
		{7DEC4E2D-F872-434E-A267-0BAD65299950}.Release|Any CPU.ActiveCfg = Release|Any CPU
		{7DEC4E2D-F872-434E-A267-0BAD65299950}.Release|Any CPU.Build.0 = Release|Any CPU
		{7DEC4E2D-F872-434E-A267-0BAD65299950}.Release|x86.ActiveCfg = Release|Any CPU
		{26A1BE1E-1849-4A45-AF23-ED3672D74948}.Debug|Any CPU.ActiveCfg = Debug|Any CPU
		{26A1BE1E-1849-4A45-AF23-ED3672D74948}.Debug|Any CPU.Build.0 = Debug|Any CPU
		{26A1BE1E-1849-4A45-AF23-ED3672D74948}.Debug|x86.ActiveCfg = Debug|Any CPU
		{26A1BE1E-1849-4A45-AF23-ED3672D74948}.Deployable|Any CPU.ActiveCfg = Deployable|Any CPU
		{26A1BE1E-1849-4A45-AF23-ED3672D74948}.Deployable|Any CPU.Build.0 = Deployable|Any CPU
		{26A1BE1E-1849-4A45-AF23-ED3672D74948}.Deployable|x86.ActiveCfg = Deployable|Any CPU
		{26A1BE1E-1849-4A45-AF23-ED3672D74948}.Release|Any CPU.ActiveCfg = Release|Any CPU
		{26A1BE1E-1849-4A45-AF23-ED3672D74948}.Release|Any CPU.Build.0 = Release|Any CPU
		{26A1BE1E-1849-4A45-AF23-ED3672D74948}.Release|x86.ActiveCfg = Release|Any CPU
		{1CC214B0-2BA8-474B-A585-24C195FCEAA7}.Debug|Any CPU.ActiveCfg = Debug|Any CPU
		{1CC214B0-2BA8-474B-A585-24C195FCEAA7}.Debug|Any CPU.Build.0 = Debug|Any CPU
		{1CC214B0-2BA8-474B-A585-24C195FCEAA7}.Debug|x86.ActiveCfg = Debug|Any CPU
		{1CC214B0-2BA8-474B-A585-24C195FCEAA7}.Deployable|Any CPU.ActiveCfg = Deployable|Any CPU
		{1CC214B0-2BA8-474B-A585-24C195FCEAA7}.Deployable|Any CPU.Build.0 = Deployable|Any CPU
		{1CC214B0-2BA8-474B-A585-24C195FCEAA7}.Deployable|x86.ActiveCfg = Deployable|Any CPU
		{1CC214B0-2BA8-474B-A585-24C195FCEAA7}.Release|Any CPU.ActiveCfg = Release|Any CPU
		{1CC214B0-2BA8-474B-A585-24C195FCEAA7}.Release|Any CPU.Build.0 = Release|Any CPU
		{1CC214B0-2BA8-474B-A585-24C195FCEAA7}.Release|x86.ActiveCfg = Release|Any CPU
	EndGlobalSection
	GlobalSection(SolutionProperties) = preSolution
		HideSolutionNode = FALSE
	EndGlobalSection
EndGlobal
