
Microsoft Visual Studio Solution File, Format Version 12.00
# Visual Studio 15
VisualStudioVersion = 15.0.27004.2009
MinimumVisualStudioVersion = 15.0.26730.16
Project("{9A19103F-16F7-4668-BE54-9A1E7A4F7556}") = "Virtuosity.Fody", "Virtuosity.Fody\Virtuosity.Fody.csproj", "{C3578A7B-09A6-4444-9383-0DEAFA4958BD}"
EndProject
Project("{9A19103F-16F7-4668-BE54-9A1E7A4F7556}") = "Templates", "Templates\Templates.csproj", "{E647046B-A53E-4D44-8C66-2BF9E9F47CBF}"
EndProject
Project("{9A19103F-16F7-4668-BE54-9A1E7A4F7556}") = "AssemblyToProcess", "AssemblyToProcess\AssemblyToProcess.csproj", "{7DEC4E2D-F872-434E-A267-0BAD65299950}"
EndProject
Project("{9A19103F-16F7-4668-BE54-9A1E7A4F7556}") = "AssemblyWithExcludes", "AssemblyWithExcludes\AssemblyWithExcludes.csproj", "{26A1BE1E-1849-4A45-AF23-ED3672D74948}"
EndProject
Project("{9A19103F-16F7-4668-BE54-9A1E7A4F7556}") = "AssemblyWithIncludes", "AssemblyWithIncludes\AssemblyWithIncludes.csproj", "{1CC214B0-2BA8-474B-A585-24C195FCEAA7}"
EndProject
Project("{9A19103F-16F7-4668-BE54-9A1E7A4F7556}") = "Tests", "Tests\Tests.csproj", "{89ADCA0F-7A27-4B47-A83C-5F5D4FC267C3}"
EndProject
Global
	GlobalSection(SolutionConfigurationPlatforms) = preSolution
		Debug|Any CPU = Debug|Any CPU
		Debug|x86 = Debug|x86
		Release|Any CPU = Release|Any CPU
		Release|x86 = Release|x86
	EndGlobalSection
	GlobalSection(ProjectConfigurationPlatforms) = postSolution
		{C3578A7B-09A6-4444-9383-0DEAFA4958BD}.Debug|Any CPU.ActiveCfg = Debug|Any CPU
		{C3578A7B-09A6-4444-9383-0DEAFA4958BD}.Debug|Any CPU.Build.0 = Debug|Any CPU
		{C3578A7B-09A6-4444-9383-0DEAFA4958BD}.Debug|x86.ActiveCfg = Debug|Any CPU
		{C3578A7B-09A6-4444-9383-0DEAFA4958BD}.Release|Any CPU.ActiveCfg = Release|Any CPU
		{C3578A7B-09A6-4444-9383-0DEAFA4958BD}.Release|Any CPU.Build.0 = Release|Any CPU
		{C3578A7B-09A6-4444-9383-0DEAFA4958BD}.Release|x86.ActiveCfg = Release|Any CPU
		{E647046B-A53E-4D44-8C66-2BF9E9F47CBF}.Debug|Any CPU.ActiveCfg = Debug|Any CPU
		{E647046B-A53E-4D44-8C66-2BF9E9F47CBF}.Debug|Any CPU.Build.0 = Debug|Any CPU
		{E647046B-A53E-4D44-8C66-2BF9E9F47CBF}.Debug|x86.ActiveCfg = Debug|Any CPU
		{E647046B-A53E-4D44-8C66-2BF9E9F47CBF}.Release|Any CPU.ActiveCfg = Release|Any CPU
		{E647046B-A53E-4D44-8C66-2BF9E9F47CBF}.Release|Any CPU.Build.0 = Release|Any CPU
		{E647046B-A53E-4D44-8C66-2BF9E9F47CBF}.Release|x86.ActiveCfg = Release|Any CPU
		{7DEC4E2D-F872-434E-A267-0BAD65299950}.Debug|Any CPU.ActiveCfg = Debug|Any CPU
		{7DEC4E2D-F872-434E-A267-0BAD65299950}.Debug|Any CPU.Build.0 = Debug|Any CPU
		{7DEC4E2D-F872-434E-A267-0BAD65299950}.Debug|x86.ActiveCfg = Debug|Any CPU
		{7DEC4E2D-F872-434E-A267-0BAD65299950}.Release|Any CPU.ActiveCfg = Release|Any CPU
		{7DEC4E2D-F872-434E-A267-0BAD65299950}.Release|Any CPU.Build.0 = Release|Any CPU
		{7DEC4E2D-F872-434E-A267-0BAD65299950}.Release|x86.ActiveCfg = Release|Any CPU
		{26A1BE1E-1849-4A45-AF23-ED3672D74948}.Debug|Any CPU.ActiveCfg = Debug|Any CPU
		{26A1BE1E-1849-4A45-AF23-ED3672D74948}.Debug|Any CPU.Build.0 = Debug|Any CPU
		{26A1BE1E-1849-4A45-AF23-ED3672D74948}.Debug|x86.ActiveCfg = Debug|Any CPU
		{26A1BE1E-1849-4A45-AF23-ED3672D74948}.Release|Any CPU.ActiveCfg = Release|Any CPU
		{26A1BE1E-1849-4A45-AF23-ED3672D74948}.Release|Any CPU.Build.0 = Release|Any CPU
		{26A1BE1E-1849-4A45-AF23-ED3672D74948}.Release|x86.ActiveCfg = Release|Any CPU
		{1CC214B0-2BA8-474B-A585-24C195FCEAA7}.Debug|Any CPU.ActiveCfg = Debug|Any CPU
		{1CC214B0-2BA8-474B-A585-24C195FCEAA7}.Debug|Any CPU.Build.0 = Debug|Any CPU
		{1CC214B0-2BA8-474B-A585-24C195FCEAA7}.Debug|x86.ActiveCfg = Debug|Any CPU
		{1CC214B0-2BA8-474B-A585-24C195FCEAA7}.Release|Any CPU.ActiveCfg = Release|Any CPU
		{1CC214B0-2BA8-474B-A585-24C195FCEAA7}.Release|Any CPU.Build.0 = Release|Any CPU
		{1CC214B0-2BA8-474B-A585-24C195FCEAA7}.Release|x86.ActiveCfg = Release|Any CPU
		{89ADCA0F-7A27-4B47-A83C-5F5D4FC267C3}.Debug|Any CPU.ActiveCfg = Debug|Any CPU
		{89ADCA0F-7A27-4B47-A83C-5F5D4FC267C3}.Debug|Any CPU.Build.0 = Debug|Any CPU
		{89ADCA0F-7A27-4B47-A83C-5F5D4FC267C3}.Debug|x86.ActiveCfg = Debug|Any CPU
		{89ADCA0F-7A27-4B47-A83C-5F5D4FC267C3}.Debug|x86.Build.0 = Debug|Any CPU
		{89ADCA0F-7A27-4B47-A83C-5F5D4FC267C3}.Release|Any CPU.ActiveCfg = Release|Any CPU
		{89ADCA0F-7A27-4B47-A83C-5F5D4FC267C3}.Release|Any CPU.Build.0 = Release|Any CPU
		{89ADCA0F-7A27-4B47-A83C-5F5D4FC267C3}.Release|x86.ActiveCfg = Release|Any CPU
		{89ADCA0F-7A27-4B47-A83C-5F5D4FC267C3}.Release|x86.Build.0 = Release|Any CPU
	EndGlobalSection
	GlobalSection(SolutionProperties) = preSolution
		HideSolutionNode = FALSE
	EndGlobalSection
	GlobalSection(ExtensibilityGlobals) = postSolution
		SolutionGuid = {EE3EA667-1AEF-4710-B313-F2C1C05ACC7A}
	EndGlobalSection
EndGlobal
